
Microsoft Visual Studio Solution File, Format Version 12.00
# Visual Studio Version 17
VisualStudioVersion = 17.11.35312.102
MinimumVisualStudioVersion = 10.0.40219.1
Project("{FAE04EC0-301F-11D3-BF4B-00C04F79EFBC}") = "Courier", "Courier\Courier.csproj", "{E7799DD2-6443-45C3-9364-A735B67E4EF4}"
EndProject
Global
	GlobalSection(SolutionConfigurationPlatforms) = preSolution
		Debug|Any CPU = Debug|Any CPU
		Release|Any CPU = Release|Any CPU
	EndGlobalSection
	GlobalSection(ProjectConfigurationPlatforms) = postSolution
		{E7799DD2-6443-45C3-9364-A735B67E4EF4}.Debug|Any CPU.ActiveCfg = Debug|Any CPU
		{E7799DD2-6443-45C3-9364-A735B67E4EF4}.Debug|Any CPU.Build.0 = Debug|Any CPU
		{E7799DD2-6443-45C3-9364-A735B67E4EF4}.Release|Any CPU.ActiveCfg = Release|Any CPU
		{E7799DD2-6443-45C3-9364-A735B67E4EF4}.Release|Any CPU.Build.0 = Release|Any CPU
	EndGlobalSection
	GlobalSection(SolutionProperties) = preSolution
		HideSolutionNode = FALSE
	EndGlobalSection
	GlobalSection(ExtensibilityGlobals) = postSolution
		SolutionGuid = {6EE82733-6F51-4738-9FE2-794B1C5A953B}
	EndGlobalSection
EndGlobal
